schema: '2.0'
stages:
  load_data:
    cmd: python src\data_load.py data\raw\sobar-72.csv data\processed\train_test_data.csv
    deps:
    - path: data\raw\sobar-72.csv
      hash: md5
      md5: d863125714b702f87a54c0fe806c1c05
      size: 4102
    - path: src\data_load.py
      hash: md5
      md5: c1737bf96a778b71bafdaf4aed818db0
      size: 259
    outs:
    - path: data\processed\train_test_data.csv
      hash: md5
      md5: d863125714b702f87a54c0fe806c1c05
      size: 4102
  preprocess:
    cmd: python src\preprocess.py data\processed\train_test_data.csv src\params.yaml
      data\processed\X_train.csv data\processed\X_test.csv data\processed\y_train.csv
      data\processed\y_test.csv
    deps:
    - path: data\processed\train_test_data.csv
      hash: md5
      md5: d863125714b702f87a54c0fe806c1c05
      size: 4102
    - path: src\params.yaml
      hash: md5
      md5: dc3731e8f4e18b2d1a158b9a0dd241b2
      size: 2387
    - path: src\preprocess.py
      hash: md5
      md5: aa09db355e4b7deeca7cb22b997c376f
      size: 2520
    outs:
    - path: data\processed\X_test.csv
      hash: md5
      md5: 9b456f8d3b4c2bb2b370a01ba927132c
      size: 3466
    - path: data\processed\X_train.csv
      hash: md5
      md5: 0665a243a07d8f147a89e8656520e7a4
      size: 7350
    - path: data\processed\y_test.csv
      hash: md5
      md5: 9aa504b8f958cdd615cb98fb3b7eb355
      size: 65
    - path: data\processed\y_train.csv
      hash: md5
      md5: 7b915b09ce8a9a98b2f392cc6c933367
      size: 134
  train@lr:
    cmd: python src\train.py src\params.yaml data\processed\X_train.csv data\processed\y_train.csv  lr
    deps:
    - path: data\processed\X_train.csv
      hash: md5
      md5: 0665a243a07d8f147a89e8656520e7a4
      size: 7350
    - path: data\processed\y_train.csv
      hash: md5
      md5: 7b915b09ce8a9a98b2f392cc6c933367
      size: 134
    - path: src\params.yaml
      hash: md5
      md5: dc3731e8f4e18b2d1a158b9a0dd241b2
      size: 2387
    - path: src\train.py
      hash: md5
      md5: 624c79a41af3fc952986379b03163011
      size: 2155
    outs:
    - path: models\lr_model.pkl
      hash: md5
      md5: 8e78727cfb006da14de7d9a2a8d8c252
      size: 1855
  train@clf:
    cmd: python src\train.py src\params.yaml data\processed\X_train.csv data\processed\y_train.csv  clf
    deps:
    - path: data\processed\X_train.csv
      hash: md5
      md5: 0665a243a07d8f147a89e8656520e7a4
      size: 7350
    - path: data\processed\y_train.csv
      hash: md5
      md5: 7b915b09ce8a9a98b2f392cc6c933367
      size: 134
    - path: src\params.yaml
      hash: md5
      md5: dc3731e8f4e18b2d1a158b9a0dd241b2
      size: 2387
    - path: src\train.py
      hash: md5
      md5: 624c79a41af3fc952986379b03163011
      size: 2155
    outs:
    - path: models\clf_model.pkl
      hash: md5
      md5: a0e26164b05b0edcb2b07a4c457ec8e1
      size: 2809
  train@xgb:
    cmd: python src\train.py src\params.yaml data\processed\X_train.csv data\processed\y_train.csv  xgb
    deps:
    - path: data\processed\X_train.csv
      hash: md5
      md5: 0665a243a07d8f147a89e8656520e7a4
      size: 7350
    - path: data\processed\y_train.csv
      hash: md5
      md5: 7b915b09ce8a9a98b2f392cc6c933367
      size: 134
    - path: src\params.yaml
      hash: md5
      md5: dc3731e8f4e18b2d1a158b9a0dd241b2
      size: 2387
    - path: src\train.py
      hash: md5
      md5: 624c79a41af3fc952986379b03163011
      size: 2155
    outs:
    - path: models\xgb_model.pkl
      hash: md5
      md5: cb561dfc22740b583646b6912c367a2a
      size: 13366
  evaluate@lr:
    cmd: python src\evaluate.py models\lr_model.pkl data\processed\X_test.csv data\processed\y_test.csv
      reports\lr_evaluation.txt reports\lr_pred.csv src\params.yaml lr
    deps:
    - path: data\processed\X_test.csv
      hash: md5
      md5: 9b456f8d3b4c2bb2b370a01ba927132c
      size: 3466
    - path: data\processed\y_test.csv
      hash: md5
      md5: 9aa504b8f958cdd615cb98fb3b7eb355
      size: 65
    - path: models\lr_model.pkl
      hash: md5
      md5: 8e78727cfb006da14de7d9a2a8d8c252
      size: 1855
    - path: src\evaluate.py
      hash: md5
      md5: 42c4468f0c490ae3bafbcd109b66a835
      size: 3209
    outs:
    - path: metrics\lr_metrics.json
      hash: md5
      md5: 48eddc62f82c46aac5900606deed91cc
      size: 136
    - path: reports\lr_evaluation.txt
      hash: md5
      md5: 81bc6025f1133739902e05a44cd8cd28
      size: 490
    - path: reports\lr_pred.csv
      hash: md5
      md5: 206c8a7c37be84c7198e81fa8ff33276
      size: 103
  evaluate@clf:
    cmd: python src\evaluate.py models\clf_model.pkl data\processed\X_test.csv data\processed\y_test.csv
      reports\clf_evaluation.txt reports\clf_pred.csv src\params.yaml clf
    deps:
    - path: data\processed\X_test.csv
      hash: md5
      md5: 9b456f8d3b4c2bb2b370a01ba927132c
      size: 3466
    - path: data\processed\y_test.csv
      hash: md5
      md5: 9aa504b8f958cdd615cb98fb3b7eb355
      size: 65
    - path: models\clf_model.pkl
      hash: md5
      md5: a0e26164b05b0edcb2b07a4c457ec8e1
      size: 2809
    - path: src\evaluate.py
      hash: md5
      md5: 42c4468f0c490ae3bafbcd109b66a835
      size: 3209
    outs:
    - path: metrics\clf_metrics.json
      hash: md5
      md5: 60edbaafefd683883f5fef52704f77c0
      size: 165
    - path: reports\clf_evaluation.txt
      hash: md5
      md5: 5cb074e6092a25211e2052c85628c5fa
      size: 518
    - path: reports\clf_pred.csv
      hash: md5
      md5: 91172b1fcc515ca1088c3bedac6920e9
      size: 103
  evaluate@xgb:
    cmd: python src\evaluate.py models\xgb_model.pkl data\processed\X_test.csv data\processed\y_test.csv
      reports\xgb_evaluation.txt reports\xgb_pred.csv src\params.yaml xgb
    deps:
    - path: data\processed\X_test.csv
      hash: md5
      md5: 9b456f8d3b4c2bb2b370a01ba927132c
      size: 3466
    - path: data\processed\y_test.csv
      hash: md5
      md5: 9aa504b8f958cdd615cb98fb3b7eb355
      size: 65
    - path: models\xgb_model.pkl
      hash: md5
      md5: cb561dfc22740b583646b6912c367a2a
      size: 13366
    - path: src\evaluate.py
      hash: md5
      md5: 42c4468f0c490ae3bafbcd109b66a835
      size: 3209
    outs:
    - path: metrics\xgb_metrics.json
      hash: md5
      md5: 615d7a3f361b33878767f7c7fc8e66a4
      size: 165
    - path: reports\xgb_evaluation.txt
      hash: md5
      md5: 5cb074e6092a25211e2052c85628c5fa
      size: 518
    - path: reports\xgb_pred.csv
      hash: md5
      md5: 91172b1fcc515ca1088c3bedac6920e9
      size: 103
  train:
    cmd: python src\train.py src\params.yaml data\processed\X_train.csv data\processed\y_train.csv
      clf
    deps:
    - path: data\processed\X_train.csv
      hash: md5
      md5: 0665a243a07d8f147a89e8656520e7a4
      size: 7350
    - path: data\processed\y_train.csv
      hash: md5
      md5: 7b915b09ce8a9a98b2f392cc6c933367
      size: 134
    - path: src\params.yaml
      hash: md5
      md5: dc3731e8f4e18b2d1a158b9a0dd241b2
      size: 2387
    - path: src\train.py
      hash: md5
      md5: bb04030c3b38a9eb7665c8ad03551e96
      size: 2416
    params:
      params.yaml:
        train_clf.criterion: log_loss
        train_clf.max_depth: 10
        train_clf.splitter: best
        train_lr.C: 0.01
        train_lr.max_iter: 500
        train_lr.penalty: l2
        train_lr.solver: newton-cholesky
        train_xgb.eval_metric: logloss
        train_xgb.learning_rate: 0.01
        train_xgb.max_depth: 1000
        train_xgb.n_estimators: 10
        train_xgb.objective: binary:logistic
    outs:
    - path: models\clf_model.pkl
      hash: md5
      md5: 5e69a390e8ba81932b66be647a06062c
      size: 2809
  evaluate:
    cmd: python src\evaluate.py models\clf_model.pkl data\processed\X_test.csv data\processed\y_test.csv
      reports\clf_evaluation.txt reports\clf_pred.csv src\params.yaml clf
    deps:
    - path: data\processed\X_test.csv
      hash: md5
      md5: 9b456f8d3b4c2bb2b370a01ba927132c
      size: 3466
    - path: data\processed\y_test.csv
      hash: md5
      md5: 9aa504b8f958cdd615cb98fb3b7eb355
      size: 65
    - path: models\clf_model.pkl
      hash: md5
      md5: 5e69a390e8ba81932b66be647a06062c
      size: 2809
    - path: src\evaluate.py
      hash: md5
      md5: b71943ec3a75066302c31a9aa2d9d96d
      size: 4036
    outs:
    - path: metrics\clf_metrics.json
      hash: md5
      md5: 60edbaafefd683883f5fef52704f77c0
      size: 165
    - path: reports\clf_evaluation.txt
      hash: md5
      md5: 5cb074e6092a25211e2052c85628c5fa
      size: 518
    - path: reports\clf_pred.csv
      hash: md5
      md5: 91172b1fcc515ca1088c3bedac6920e9
      size: 103
